
Microsoft Visual Studio Solution File, Format Version 12.00
# Visual Studio Version 17
VisualStudioVersion = 17.3.32922.545
MinimumVisualStudioVersion = 10.0.40219.1
Project("{9A19103F-16F7-4668-BE54-9A1E7A4F7556}") = "Html", "Html\Html.csproj", "{49EE1937-6706-4DAA-907C-B5FD93D58CD5}"
EndProject
Project("{9A19103F-16F7-4668-BE54-9A1E7A4F7556}") = "CssText", "CssText\CssText.csproj", "{EEC72E61-232A-4F9B-B938-5C878569D8E7}"
EndProject
Project("{9A19103F-16F7-4668-BE54-9A1E7A4F7556}") = "CssTable", "CssTable\CssTable.csproj", "{DEECC12D-5F13-4428-A7D3-EC9CA825276C}"
EndProject
Project("{9A19103F-16F7-4668-BE54-9A1E7A4F7556}") = "CssForm", "CssForm\CssForm.csproj", "{BD077912-CC0D-4A7F-AF8A-8B195CC04AAF}"
EndProject
Project("{9A19103F-16F7-4668-BE54-9A1E7A4F7556}") = "Gabriel", "Gabriel\Gabriel.csproj", "{D5E0A2CF-904E-4381-ACE5-6772FBCF8141}"
EndProject
Project("{9A19103F-16F7-4668-BE54-9A1E7A4F7556}") = "WorkingWithArrays", "WorkingWithArrays\WorkingWithArrays.csproj", "{37227A79-F354-41FD-A438-D8B0D3E28E2F}"
EndProject
Project("{9A19103F-16F7-4668-BE54-9A1E7A4F7556}") = "WorkingWithObjects", "WorkingWithObjects\WorkingWithObjects.csproj", "{5BFDD7D5-3C92-423A-A056-0B4165062D48}"
EndProject
Project("{FAE04EC0-301F-11D3-BF4B-00C04F79EFBC}") = "TemperatureConversion", "TemperatureConversion\TemperatureConversion.csproj", "{A999930C-81FA-4EF2-A998-2D6874E1262D}"
EndProject
Global
	GlobalSection(SolutionConfigurationPlatforms) = preSolution
		Debug|Any CPU = Debug|Any CPU
		Release|Any CPU = Release|Any CPU
	EndGlobalSection
	GlobalSection(ProjectConfigurationPlatforms) = postSolution
		{49EE1937-6706-4DAA-907C-B5FD93D58CD5}.Debug|Any CPU.ActiveCfg = Debug|Any CPU
		{49EE1937-6706-4DAA-907C-B5FD93D58CD5}.Debug|Any CPU.Build.0 = Debug|Any CPU
		{49EE1937-6706-4DAA-907C-B5FD93D58CD5}.Release|Any CPU.ActiveCfg = Release|Any CPU
		{49EE1937-6706-4DAA-907C-B5FD93D58CD5}.Release|Any CPU.Build.0 = Release|Any CPU
		{EEC72E61-232A-4F9B-B938-5C878569D8E7}.Debug|Any CPU.ActiveCfg = Debug|Any CPU
		{EEC72E61-232A-4F9B-B938-5C878569D8E7}.Debug|Any CPU.Build.0 = Debug|Any CPU
		{EEC72E61-232A-4F9B-B938-5C878569D8E7}.Release|Any CPU.ActiveCfg = Release|Any CPU
		{EEC72E61-232A-4F9B-B938-5C878569D8E7}.Release|Any CPU.Build.0 = Release|Any CPU
		{DEECC12D-5F13-4428-A7D3-EC9CA825276C}.Debug|Any CPU.ActiveCfg = Debug|Any CPU
		{DEECC12D-5F13-4428-A7D3-EC9CA825276C}.Debug|Any CPU.Build.0 = Debug|Any CPU
		{DEECC12D-5F13-4428-A7D3-EC9CA825276C}.Release|Any CPU.ActiveCfg = Release|Any CPU
		{DEECC12D-5F13-4428-A7D3-EC9CA825276C}.Release|Any CPU.Build.0 = Release|Any CPU
		{BD077912-CC0D-4A7F-AF8A-8B195CC04AAF}.Debug|Any CPU.ActiveCfg = Debug|Any CPU
		{BD077912-CC0D-4A7F-AF8A-8B195CC04AAF}.Debug|Any CPU.Build.0 = Debug|Any CPU
		{BD077912-CC0D-4A7F-AF8A-8B195CC04AAF}.Release|Any CPU.ActiveCfg = Release|Any CPU
		{BD077912-CC0D-4A7F-AF8A-8B195CC04AAF}.Release|Any CPU.Build.0 = Release|Any CPU
		{D5E0A2CF-904E-4381-ACE5-6772FBCF8141}.Debug|Any CPU.ActiveCfg = Debug|Any CPU
		{D5E0A2CF-904E-4381-ACE5-6772FBCF8141}.Debug|Any CPU.Build.0 = Debug|Any CPU
		{D5E0A2CF-904E-4381-ACE5-6772FBCF8141}.Release|Any CPU.ActiveCfg = Release|Any CPU
		{D5E0A2CF-904E-4381-ACE5-6772FBCF8141}.Release|Any CPU.Build.0 = Release|Any CPU
		{37227A79-F354-41FD-A438-D8B0D3E28E2F}.Debug|Any CPU.ActiveCfg = Debug|Any CPU
		{37227A79-F354-41FD-A438-D8B0D3E28E2F}.Debug|Any CPU.Build.0 = Debug|Any CPU
		{37227A79-F354-41FD-A438-D8B0D3E28E2F}.Release|Any CPU.ActiveCfg = Release|Any CPU
		{37227A79-F354-41FD-A438-D8B0D3E28E2F}.Release|Any CPU.Build.0 = Release|Any CPU
		{5BFDD7D5-3C92-423A-A056-0B4165062D48}.Debug|Any CPU.ActiveCfg = Debug|Any CPU
		{5BFDD7D5-3C92-423A-A056-0B4165062D48}.Debug|Any CPU.Build.0 = Debug|Any CPU
		{5BFDD7D5-3C92-423A-A056-0B4165062D48}.Release|Any CPU.ActiveCfg = Release|Any CPU
		{5BFDD7D5-3C92-423A-A056-0B4165062D48}.Release|Any CPU.Build.0 = Release|Any CPU
		{A999930C-81FA-4EF2-A998-2D6874E1262D}.Debug|Any CPU.ActiveCfg = Debug|Any CPU
		{A999930C-81FA-4EF2-A998-2D6874E1262D}.Debug|Any CPU.Build.0 = Debug|Any CPU
		{A999930C-81FA-4EF2-A998-2D6874E1262D}.Release|Any CPU.ActiveCfg = Release|Any CPU
		{A999930C-81FA-4EF2-A998-2D6874E1262D}.Release|Any CPU.Build.0 = Release|Any CPU
	EndGlobalSection
	GlobalSection(SolutionProperties) = preSolution
		HideSolutionNode = FALSE
	EndGlobalSection
	GlobalSection(ExtensibilityGlobals) = postSolution
		SolutionGuid = {39E6D00C-2353-41B9-856F-54D6CEAD9765}
	EndGlobalSection
EndGlobal
