
Microsoft Visual Studio Solution File, Format Version 12.00
# Visual Studio Version 17
VisualStudioVersion = 17.3.32922.545
MinimumVisualStudioVersion = 10.0.40219.1
Project("{FAE04EC0-301F-11D3-BF4B-00C04F79EFBC}") = "Html", "Html\Html.csproj", "{49EE1937-6706-4DAA-907C-B5FD93D58CD5}"
EndProject
Global
	GlobalSection(SolutionConfigurationPlatforms) = preSolution
		Debug|Any CPU = Debug|Any CPU
		Release|Any CPU = Release|Any CPU
	EndGlobalSection
	GlobalSection(ProjectConfigurationPlatforms) = postSolution
		{49EE1937-6706-4DAA-907C-B5FD93D58CD5}.Debug|Any CPU.ActiveCfg = Debug|Any CPU
		{49EE1937-6706-4DAA-907C-B5FD93D58CD5}.Debug|Any CPU.Build.0 = Debug|Any CPU
		{49EE1937-6706-4DAA-907C-B5FD93D58CD5}.Release|Any CPU.ActiveCfg = Release|Any CPU
		{49EE1937-6706-4DAA-907C-B5FD93D58CD5}.Release|Any CPU.Build.0 = Release|Any CPU
	EndGlobalSection
	GlobalSection(SolutionProperties) = preSolution
		HideSolutionNode = FALSE
	EndGlobalSection
	GlobalSection(ExtensibilityGlobals) = postSolution
		SolutionGuid = {39E6D00C-2353-41B9-856F-54D6CEAD9765}
	EndGlobalSection
EndGlobal
